
Microsoft Visual Studio Solution File, Format Version 12.00
# Visual Studio 14
VisualStudioVersion = 14.0.22823.1
MinimumVisualStudioVersion = 10.0.40219.1
Project("{FAE04EC0-301F-11D3-BF4B-00C04F79EFBC}") = "RecipeManager.Main", "RecipeManager.Main\RecipeManager.Main.csproj", "{78A9809A-ECEB-4F78-AF1B-9F357F10A261}"
EndProject
Project("{FAE04EC0-301F-11D3-BF4B-00C04F79EFBC}") = "RecipeManager.Recipes", "RecipesManager.Recipes\RecipeManager.Recipes.csproj", "{34BE8282-A5FE-4430-B6C1-E82A7AFE10A4}"
EndProject
Project("{FAE04EC0-301F-11D3-BF4B-00C04F79EFBC}") = "RecipeManager.RecipesTable.DataAccess", "RecipeManager.RecipesTable.DataAccess\RecipeManager.RecipesTable.DataAccess.csproj", "{20EA5BFB-798B-40FD-BF61-736B24BD614B}"
EndProject
Project("{FAE04EC0-301F-11D3-BF4B-00C04F79EFBC}") = "RecipeManager.Utilities", "RecipeManager.Utilities\RecipeManager.Utilities.csproj", "{E9AB9DEC-5431-4A4D-AF51-BEF63225B6EA}"
EndProject
Global
	GlobalSection(SolutionConfigurationPlatforms) = preSolution
		Debug|Any CPU = Debug|Any CPU
		Debug|x86 = Debug|x86
		Release|Any CPU = Release|Any CPU
		Release|x86 = Release|x86
	EndGlobalSection
	GlobalSection(ProjectConfigurationPlatforms) = postSolution
		{78A9809A-ECEB-4F78-AF1B-9F357F10A261}.Debug|Any CPU.ActiveCfg = Debug|x86
		{78A9809A-ECEB-4F78-AF1B-9F357F10A261}.Debug|Any CPU.Build.0 = Debug|x86
		{78A9809A-ECEB-4F78-AF1B-9F357F10A261}.Debug|x86.ActiveCfg = Debug|x86
		{78A9809A-ECEB-4F78-AF1B-9F357F10A261}.Debug|x86.Build.0 = Debug|x86
		{78A9809A-ECEB-4F78-AF1B-9F357F10A261}.Release|Any CPU.ActiveCfg = Release|x86
		{78A9809A-ECEB-4F78-AF1B-9F357F10A261}.Release|Any CPU.Build.0 = Release|x86
		{78A9809A-ECEB-4F78-AF1B-9F357F10A261}.Release|x86.ActiveCfg = Release|x86
		{78A9809A-ECEB-4F78-AF1B-9F357F10A261}.Release|x86.Build.0 = Release|x86
		{34BE8282-A5FE-4430-B6C1-E82A7AFE10A4}.Debug|Any CPU.ActiveCfg = Debug|x86
		{34BE8282-A5FE-4430-B6C1-E82A7AFE10A4}.Debug|Any CPU.Build.0 = Debug|x86
		{34BE8282-A5FE-4430-B6C1-E82A7AFE10A4}.Debug|x86.ActiveCfg = Debug|x86
		{34BE8282-A5FE-4430-B6C1-E82A7AFE10A4}.Debug|x86.Build.0 = Debug|x86
		{34BE8282-A5FE-4430-B6C1-E82A7AFE10A4}.Release|Any CPU.ActiveCfg = Release|x86
		{34BE8282-A5FE-4430-B6C1-E82A7AFE10A4}.Release|Any CPU.Build.0 = Release|x86
		{34BE8282-A5FE-4430-B6C1-E82A7AFE10A4}.Release|x86.ActiveCfg = Release|x86
		{34BE8282-A5FE-4430-B6C1-E82A7AFE10A4}.Release|x86.Build.0 = Release|x86
		{20EA5BFB-798B-40FD-BF61-736B24BD614B}.Debug|Any CPU.ActiveCfg = Debug|x86
		{20EA5BFB-798B-40FD-BF61-736B24BD614B}.Debug|Any CPU.Build.0 = Debug|x86
		{20EA5BFB-798B-40FD-BF61-736B24BD614B}.Debug|x86.ActiveCfg = Debug|x86
		{20EA5BFB-798B-40FD-BF61-736B24BD614B}.Debug|x86.Build.0 = Debug|x86
		{20EA5BFB-798B-40FD-BF61-736B24BD614B}.Release|Any CPU.ActiveCfg = Release|x86
		{20EA5BFB-798B-40FD-BF61-736B24BD614B}.Release|Any CPU.Build.0 = Release|x86
		{20EA5BFB-798B-40FD-BF61-736B24BD614B}.Release|x86.ActiveCfg = Release|x86
		{20EA5BFB-798B-40FD-BF61-736B24BD614B}.Release|x86.Build.0 = Release|x86
		{E9AB9DEC-5431-4A4D-AF51-BEF63225B6EA}.Debug|Any CPU.ActiveCfg = Debug|x86
		{E9AB9DEC-5431-4A4D-AF51-BEF63225B6EA}.Debug|Any CPU.Build.0 = Debug|x86
		{E9AB9DEC-5431-4A4D-AF51-BEF63225B6EA}.Debug|x86.ActiveCfg = Debug|x86
		{E9AB9DEC-5431-4A4D-AF51-BEF63225B6EA}.Debug|x86.Build.0 = Debug|x86
		{E9AB9DEC-5431-4A4D-AF51-BEF63225B6EA}.Release|Any CPU.ActiveCfg = Release|x86
		{E9AB9DEC-5431-4A4D-AF51-BEF63225B6EA}.Release|Any CPU.Build.0 = Release|x86
		{E9AB9DEC-5431-4A4D-AF51-BEF63225B6EA}.Release|x86.ActiveCfg = Release|x86
		{E9AB9DEC-5431-4A4D-AF51-BEF63225B6EA}.Release|x86.Build.0 = Release|x86
	EndGlobalSection
	GlobalSection(SolutionProperties) = preSolution
		HideSolutionNode = FALSE
	EndGlobalSection
EndGlobal
